// !$*UTF8*$!
{
	archiveVersion = 1;
	classes = {
	};
	objectVersion = 46;
	objects = {

/* Begin PBXBuildFile section */
		03A242111C34969C000B24EC /* AppDelegate.swift in Sources */ = {isa = PBXBuildFile; fileRef = 03A242101C34969C000B24EC /* AppDelegate.swift */; };
		03A242131C34969C000B24EC /* ViewController.swift in Sources */ = {isa = PBXBuildFile; fileRef = 03A242121C34969C000B24EC /* ViewController.swift */; };
		03A242181C34969C000B24EC /* Assets.xcassets in Resources */ = {isa = PBXBuildFile; fileRef = 03A242171C34969C000B24EC /* Assets.xcassets */; };
		03A2421B1C34969C000B24EC /* LaunchScreen.storyboard in Resources */ = {isa = PBXBuildFile; fileRef = 03A242191C34969C000B24EC /* LaunchScreen.storyboard */; };
		03A242261C34969C000B24EC /* NavigationBarStyleTests.swift in Sources */ = {isa = PBXBuildFile; fileRef = 03A242251C34969C000B24EC /* NavigationBarStyleTests.swift */; };
		03A242311C34969C000B24EC /* NavigationBarStyleUITests.swift in Sources */ = {isa = PBXBuildFile; fileRef = 03A242301C34969C000B24EC /* NavigationBarStyleUITests.swift */; };
		03A242471C3B2A97000B24EC /* NavigationBar.swift in Sources */ = {isa = PBXBuildFile; fileRef = 03A242461C3B2A97000B24EC /* NavigationBar.swift */; };
/* End PBXBuildFile section */

/* Begin PBXContainerItemProxy section */
		03A242221C34969C000B24EC /* PBXContainerItemProxy */ = {
			isa = PBXContainerItemProxy;
			containerPortal = 03A242051C34969C000B24EC /* Project object */;
			proxyType = 1;
			remoteGlobalIDString = 03A2420C1C34969C000B24EC;
			remoteInfo = NavigationBarStyle;
		};
		03A2422D1C34969C000B24EC /* PBXContainerItemProxy */ = {
			isa = PBXContainerItemProxy;
			containerPortal = 03A242051C34969C000B24EC /* Project object */;
			proxyType = 1;
			remoteGlobalIDString = 03A2420C1C34969C000B24EC;
			remoteInfo = NavigationBarStyle;
		};
/* End PBXContainerItemProxy section */

/* Begin PBXFileReference section */
		03A2420D1C34969C000B24EC /* NavigationBarStyle.app */ = {isa = PBXFileReference; explicitFileType = wrapper.application; includeInIndex = 0; path = NavigationBarStyle.app; sourceTree = BUILT_PRODUCTS_DIR; };
		03A242101C34969C000B24EC /* AppDelegate.swift */ = {isa = PBXFileReference; lastKnownFileType = sourcecode.swift; path = AppDelegate.swift; sourceTree = "<group>"; };
		03A242121C34969C000B24EC /* ViewController.swift */ = {isa = PBXFileReference; lastKnownFileType = sourcecode.swift; path = ViewController.swift; sourceTree = "<group>"; };
		03A242171C34969C000B24EC /* Assets.xcassets */ = {isa = PBXFileReference; lastKnownFileType = folder.assetcatalog; path = Assets.xcassets; sourceTree = "<group>"; };
		03A2421A1C34969C000B24EC /* Base */ = {isa = PBXFileReference; lastKnownFileType = file.storyboard; name = Base; path = Base.lproj/LaunchScreen.storyboard; sourceTree = "<group>"; };
		03A2421C1C34969C000B24EC /* Info.plist */ = {isa = PBXFileReference; lastKnownFileType = text.plist.xml; path = Info.plist; sourceTree = "<group>"; };
		03A242211C34969C000B24EC /* NavigationBarStyleTests.xctest */ = {isa = PBXFileReference; explicitFileType = wrapper.cfbundle; includeInIndex = 0; path = NavigationBarStyleTests.xctest; sourceTree = BUILT_PRODUCTS_DIR; };
		03A242251C34969C000B24EC /* NavigationBarStyleTests.swift */ = {isa = PBXFileReference; lastKnownFileType = sourcecode.swift; path = NavigationBarStyleTests.swift; sourceTree = "<group>"; };
		03A242271C34969C000B24EC /* Info.plist */ = {isa = PBXFileReference; lastKnownFileType = text.plist.xml; path = Info.plist; sourceTree = "<group>"; };
		03A2422C1C34969C000B24EC /* NavigationBarStyleUITests.xctest */ = {isa = PBXFileReference; explicitFileType = wrapper.cfbundle; includeInIndex = 0; path = NavigationBarStyleUITests.xctest; sourceTree = BUILT_PRODUCTS_DIR; };
		03A242301C34969C000B24EC /* NavigationBarStyleUITests.swift */ = {isa = PBXFileReference; lastKnownFileType = sourcecode.swift; path = NavigationBarStyleUITests.swift; sourceTree = "<group>"; };
		03A242321C34969C000B24EC /* Info.plist */ = {isa = PBXFileReference; lastKnownFileType = text.plist.xml; path = Info.plist; sourceTree = "<group>"; };
		03A242461C3B2A97000B24EC /* NavigationBar.swift */ = {isa = PBXFileReference; fileEncoding = 4; lastKnownFileType = sourcecode.swift; path = NavigationBar.swift; sourceTree = "<group>"; };
/* End PBXFileReference section */

/* Begin PBXFrameworksBuildPhase section */
		03A2420A1C34969C000B24EC /* Frameworks */ = {
			isa = PBXFrameworksBuildPhase;
			buildActionMask = 2147483647;
			files = (
			);
			runOnlyForDeploymentPostprocessing = 0;
		};
		03A2421E1C34969C000B24EC /* Frameworks */ = {
			isa = PBXFrameworksBuildPhase;
			buildActionMask = 2147483647;
			files = (
			);
			runOnlyForDeploymentPostprocessing = 0;
		};
		03A242291C34969C000B24EC /* Frameworks */ = {
			isa = PBXFrameworksBuildPhase;
			buildActionMask = 2147483647;
			files = (
			);
			runOnlyForDeploymentPostprocessing = 0;
		};
/* End PBXFrameworksBuildPhase section */

/* Begin PBXGroup section */
		03A242041C34969C000B24EC = {
			isa = PBXGroup;
			children = (
				03A2420F1C34969C000B24EC /* NavigationBarStyle */,
				03A242241C34969C000B24EC /* NavigationBarStyleTests */,
				03A2422F1C34969C000B24EC /* NavigationBarStyleUITests */,
				03A2420E1C34969C000B24EC /* Products */,
			);
			sourceTree = "<group>";
		};
		03A2420E1C34969C000B24EC /* Products */ = {
			isa = PBXGroup;
			children = (
				03A2420D1C34969C000B24EC /* NavigationBarStyle.app */,
				03A242211C34969C000B24EC /* NavigationBarStyleTests.xctest */,
				03A2422C1C34969C000B24EC /* NavigationBarStyleUITests.xctest */,
			);
			name = Products;
			sourceTree = "<group>";
		};
		03A2420F1C34969C000B24EC /* NavigationBarStyle */ = {
			isa = PBXGroup;
			children = (
				03A242101C34969C000B24EC /* AppDelegate.swift */,
				03A242121C34969C000B24EC /* ViewController.swift */,
				03A242461C3B2A97000B24EC /* NavigationBar.swift */,
				03A242171C34969C000B24EC /* Assets.xcassets */,
				03A242191C34969C000B24EC /* LaunchScreen.storyboard */,
				03A2421C1C34969C000B24EC /* Info.plist */,
			);
			path = NavigationBarStyle;
			sourceTree = "<group>";
		};
		03A242241C34969C000B24EC /* NavigationBarStyleTests */ = {
			isa = PBXGroup;
			children = (
				03A242251C34969C000B24EC /* NavigationBarStyleTests.swift */,
				03A242271C34969C000B24EC /* Info.plist */,
			);
			path = NavigationBarStyleTests;
			sourceTree = "<group>";
		};
		03A2422F1C34969C000B24EC /* NavigationBarStyleUITests */ = {
			isa = PBXGroup;
			children = (
				03A242301C34969C000B24EC /* NavigationBarStyleUITests.swift */,
				03A242321C34969C000B24EC /* Info.plist */,
			);
			path = NavigationBarStyleUITests;
			sourceTree = "<group>";
		};
/* End PBXGroup section */

/* Begin PBXNativeTarget section */
		03A2420C1C34969C000B24EC /* NavigationBarStyle */ = {
			isa = PBXNativeTarget;
			buildConfigurationList = 03A242351C34969C000B24EC /* Build configuration list for PBXNativeTarget "NavigationBarStyle" */;
			buildPhases = (
				03A242091C34969C000B24EC /* Sources */,
				03A2420A1C34969C000B24EC /* Frameworks */,
				03A2420B1C34969C000B24EC /* Resources */,
			);
			buildRules = (
			);
			dependencies = (
			);
			name = NavigationBarStyle;
			productName = NavigationBarStyle;
			productReference = 03A2420D1C34969C000B24EC /* NavigationBarStyle.app */;
			productType = "com.apple.product-type.application";
		};
		03A242201C34969C000B24EC /* NavigationBarStyleTests */ = {
			isa = PBXNativeTarget;
			buildConfigurationList = 03A242381C34969C000B24EC /* Build configuration list for PBXNativeTarget "NavigationBarStyleTests" */;
			buildPhases = (
				03A2421D1C34969C000B24EC /* Sources */,
				03A2421E1C34969C000B24EC /* Frameworks */,
				03A2421F1C34969C000B24EC /* Resources */,
			);
			buildRules = (
			);
			dependencies = (
				03A242231C34969C000B24EC /* PBXTargetDependency */,
			);
			name = NavigationBarStyleTests;
			productName = NavigationBarStyleTests;
			productReference = 03A242211C34969C000B24EC /* NavigationBarStyleTests.xctest */;
			productType = "com.apple.product-type.bundle.unit-test";
		};
		03A2422B1C34969C000B24EC /* NavigationBarStyleUITests */ = {
			isa = PBXNativeTarget;
			buildConfigurationList = 03A2423B1C34969C000B24EC /* Build configuration list for PBXNativeTarget "NavigationBarStyleUITests" */;
			buildPhases = (
				03A242281C34969C000B24EC /* Sources */,
				03A242291C34969C000B24EC /* Frameworks */,
				03A2422A1C34969C000B24EC /* Resources */,
			);
			buildRules = (
			);
			dependencies = (
				03A2422E1C34969C000B24EC /* PBXTargetDependency */,
			);
			name = NavigationBarStyleUITests;
			productName = NavigationBarStyleUITests;
			productReference = 03A2422C1C34969C000B24EC /* NavigationBarStyleUITests.xctest */;
			productType = "com.apple.product-type.bundle.ui-testing";
		};
/* End PBXNativeTarget section */

/* Begin PBXProject section */
		03A242051C34969C000B24EC /* Project object */ = {
			isa = PBXProject;
			attributes = {
				LastSwiftUpdateCheck = 0720;
				LastUpgradeCheck = 0720;
				ORGANIZATIONNAME = "Calendre Co";
				TargetAttributes = {
					03A2420C1C34969C000B24EC = {
						CreatedOnToolsVersion = 7.2;
					};
					03A242201C34969C000B24EC = {
						CreatedOnToolsVersion = 7.2;
						TestTargetID = 03A2420C1C34969C000B24EC;
					};
					03A2422B1C34969C000B24EC = {
						CreatedOnToolsVersion = 7.2;
						TestTargetID = 03A2420C1C34969C000B24EC;
					};
				};
			};
			buildConfigurationList = 03A242081C34969C000B24EC /* Build configuration list for PBXProject "NavigationBarStyle" */;
			compatibilityVersion = "Xcode 3.2";
			developmentRegion = English;
			hasScannedForEncodings = 0;
			knownRegions = (
				en,
				Base,
			);
			mainGroup = 03A242041C34969C000B24EC;
			productRefGroup = 03A2420E1C34969C000B24EC /* Products */;
			projectDirPath = "";
			projectRoot = "";
			targets = (
				03A2420C1C34969C000B24EC /* NavigationBarStyle */,
				03A242201C34969C000B24EC /* NavigationBarStyleTests */,
				03A2422B1C34969C000B24EC /* NavigationBarStyleUITests */,
			);
		};
/* End PBXProject section */

/* Begin PBXResourcesBuildPhase section */
		03A2420B1C34969C000B24EC /* Resources */ = {
			isa = PBXResourcesBuildPhase;
			buildActionMask = 2147483647;
			files = (
				03A2421B1C34969C000B24EC /* LaunchScreen.storyboard in Resources */,
				03A242181C34969C000B24EC /* Assets.xcassets in Resources */,
			);
			runOnlyForDeploymentPostprocessing = 0;
		};
		03A2421F1C34969C000B24EC /* Resources */ = {
			isa = PBXResourcesBuildPhase;
			buildActionMask = 2147483647;
			files = (
			);
			runOnlyForDeploymentPostprocessing = 0;
		};
		03A2422A1C34969C000B24EC /* Resources */ = {
			isa = PBXResourcesBuildPhase;
			buildActionMask = 2147483647;
			files = (
			);
			runOnlyForDeploymentPostprocessing = 0;
		};
/* End PBXResourcesBuildPhase section */

/* Begin PBXSourcesBuildPhase section */
		03A242091C34969C000B24EC /* Sources */ = {
			isa = PBXSourcesBuildPhase;
			buildActionMask = 2147483647;
			files = (
				03A242131C34969C000B24EC /* ViewController.swift in Sources */,
				03A242111C34969C000B24EC /* AppDelegate.swift in Sources */,
				03A242471C3B2A97000B24EC /* NavigationBar.swift in Sources */,
			);
			runOnlyForDeploymentPostprocessing = 0;
		};
		03A2421D1C34969C000B24EC /* Sources */ = {
			isa = PBXSourcesBuildPhase;
			buildActionMask = 2147483647;
			files = (
				03A242261C34969C000B24EC /* NavigationBarStyleTests.swift in Sources */,
			);
			runOnlyForDeploymentPostprocessing = 0;
		};
		03A242281C34969C000B24EC /* Sources */ = {
			isa = PBXSourcesBuildPhase;
			buildActionMask = 2147483647;
			files = (
				03A242311C34969C000B24EC /* NavigationBarStyleUITests.swift in Sources */,
			);
			runOnlyForDeploymentPostprocessing = 0;
		};
/* End PBXSourcesBuildPhase section */

/* Begin PBXTargetDependency section */
		03A242231C34969C000B24EC /* PBXTargetDependency */ = {
			isa = PBXTargetDependency;
			target = 03A2420C1C34969C000B24EC /* NavigationBarStyle */;
			targetProxy = 03A242221C34969C000B24EC /* PBXContainerItemProxy */;
		};
		03A2422E1C34969C000B24EC /* PBXTargetDependency */ = {
			isa = PBXTargetDependency;
			target = 03A2420C1C34969C000B24EC /* NavigationBarStyle */;
			targetProxy = 03A2422D1C34969C000B24EC /* PBXContainerItemProxy */;
		};
/* End PBXTargetDependency section */

/* Begin PBXVariantGroup section */
		03A242191C34969C000B24EC /* LaunchScreen.storyboard */ = {
			isa = PBXVariantGroup;
			children = (
				03A2421A1C34969C000B24EC /* Base */,
			);
			name = LaunchScreen.storyboard;
			sourceTree = "<group>";
		};
/* End PBXVariantGroup section */

/* Begin XCBuildConfiguration section */
		03A242331C34969C000B24EC /* Debug */ = {
			isa = XCBuildConfiguration;
			buildSettings = {
				ALWAYS_SEARCH_USER_PATHS = NO;
				CLANG_CXX_LANGUAGE_STANDARD = "gnu++0x";
				CLANG_CXX_LIBRARY = "libc++";
				CLANG_ENABLE_MODULES = YES;
				CLANG_ENABLE_OBJC_ARC = YES;
				CLANG_WARN_BOOL_CONVERSION = YES;
				CLANG_WARN_CONSTANT_CONVERSION = YES;
				CLANG_WARN_DIRECT_OBJC_ISA_USAGE = YES_ERROR;
				CLANG_WARN_EMPTY_BODY = YES;
				CLANG_WARN_ENUM_CONVERSION = YES;
				CLANG_WARN_INT_CONVERSION = YES;
				CLANG_WARN_OBJC_ROOT_CLASS = YES_ERROR;
				CLANG_WARN_UNREACHABLE_CODE = YES;
				CLANG_WARN__DUPLICATE_METHOD_MATCH = YES;
				"CODE_SIGN_IDENTITY[sdk=iphoneos*]" = "iPhone Developer";
				COPY_PHASE_STRIP = NO;
				DEBUG_INFORMATION_FORMAT = dwarf;
				ENABLE_STRICT_OBJC_MSGSEND = YES;
				ENABLE_TESTABILITY = YES;
				GCC_C_LANGUAGE_STANDARD = gnu99;
				GCC_DYNAMIC_NO_PIC = NO;
				GCC_NO_COMMON_BLOCKS = YES;
				GCC_OPTIMIZATION_LEVEL = 0;
				GCC_PREPROCESSOR_DEFINITIONS = (
					"DEBUG=1",
					"$(inherited)",
				);
				GCC_WARN_64_TO_32_BIT_CONVERSION = YES;
				GCC_WARN_ABOUT_RETURN_TYPE = YES_ERROR;
				GCC_WARN_UNDECLARED_SELECTOR = YES;
				GCC_WARN_UNINITIALIZED_AUTOS = YES_AGGRESSIVE;
				GCC_WARN_UNUSED_FUNCTION = YES;
				GCC_WARN_UNUSED_VARIABLE = YES;
				IPHONEOS_DEPLOYMENT_TARGET = 9.2;
				MTL_ENABLE_DEBUG_INFO = YES;
				ONLY_ACTIVE_ARCH = YES;
				SDKROOT = iphoneos;
				SWIFT_OPTIMIZATION_LEVEL = "-Onone";
			};
			name = Debug;
		};
		03A242341C34969C000B24EC /* Release */ = {
			isa = XCBuildConfiguration;
			buildSettings = {
				ALWAYS_SEARCH_USER_PATHS = NO;
				CLANG_CXX_LANGUAGE_STANDARD = "gnu++0x";
				CLANG_CXX_LIBRARY = "libc++";
				CLANG_ENABLE_MODULES = YES;
				CLANG_ENABLE_OBJC_ARC = YES;
				CLANG_WARN_BOOL_CONVERSION = YES;
				CLANG_WARN_CONSTANT_CONVERSION = YES;
				CLANG_WARN_DIRECT_OBJC_ISA_USAGE = YES_ERROR;
				CLANG_WARN_EMPTY_BODY = YES;
				CLANG_WARN_ENUM_CONVERSION = YES;
				CLANG_WARN_INT_CONVERSION = YES;
				CLANG_WARN_OBJC_ROOT_CLASS = YES_ERROR;
				CLANG_WARN_UNREACHABLE_CODE = YES;
				CLANG_WARN__DUPLICATE_METHOD_MATCH = YES;
				"CODE_SIGN_IDENTITY[sdk=iphoneos*]" = "iPhone Developer";
				COPY_PHASE_STRIP = NO;
				DEBUG_INFORMATION_FORMAT = "dwarf-with-dsym";
				ENABLE_NS_ASSERTIONS = NO;
				ENABLE_STRICT_OBJC_MSGSEND = YES;
				GCC_C_LANGUAGE_STANDARD = gnu99;
				GCC_NO_COMMON_BLOCKS = YES;
				GCC_WARN_64_TO_32_BIT_CONVERSION = YES;
				GCC_WARN_ABOUT_RETURN_TYPE = YES_ERROR;
				GCC_WARN_UNDECLARED_SELECTOR = YES;
				GCC_WARN_UNINITIALIZED_AUTOS = YES_AGGRESSIVE;
				GCC_WARN_UNUSED_FUNCTION = YES;
				GCC_WARN_UNUSED_VARIABLE = YES;
				IPHONEOS_DEPLOYMENT_TARGET = 9.2;
				MTL_ENABLE_DEBUG_INFO = NO;
				SDKROOT = iphoneos;
				VALIDATE_PRODUCT = YES;
			};
			name = Release;
		};
		03A242361C34969C000B24EC /* Debug */ = {
			isa = XCBuildConfiguration;
			buildSettings = {
				ASSETCATALOG_COMPILER_APPICON_NAME = AppIcon;
				INFOPLIST_FILE = NavigationBarStyle/Info.plist;
				LD_RUNPATH_SEARCH_PATHS = "$(inherited) @executable_path/Frameworks";
				PRODUCT_BUNDLE_IDENTIFIER = com.liveapp.NavigationBarStyle;
				PRODUCT_NAME = "$(TARGET_NAME)";
			};
			name = Debug;
		};
		03A242371C34969C000B24EC /* Release */ = {
			isa = XCBuildConfiguration;
			buildSettings = {
				ASSETCATALOG_COMPILER_APPICON_NAME = AppIcon;
				INFOPLIST_FILE = NavigationBarStyle/Info.plist;
				LD_RUNPATH_SEARCH_PATHS = "$(inherited) @executable_path/Frameworks";
				PRODUCT_BUNDLE_IDENTIFIER = com.liveapp.NavigationBarStyle;
				PRODUCT_NAME = "$(TARGET_NAME)";
			};
			name = Release;
		};
		03A242391C34969C000B24EC /* Debug */ = {
			isa = XCBuildConfiguration;
			buildSettings = {
				BUNDLE_LOADER = "$(TEST_HOST)";
				INFOPLIST_FILE = NavigationBarStyleTests/Info.plist;
				LD_RUNPATH_SEARCH_PATHS = "$(inherited) @executable_path/Frameworks @loader_path/Frameworks";
				PRODUCT_BUNDLE_IDENTIFIER = com.liveapp.NavigationBarStyleTests;
				PRODUCT_NAME = "$(TARGET_NAME)";
				TEST_HOST = "$(BUILT_PRODUCTS_DIR)/NavigationBarStyle.app/NavigationBarStyle";
			};
			name = Debug;
		};
		03A2423A1C34969C000B24EC /* Release */ = {
			isa = XCBuildConfiguration;
			buildSettings = {
				BUNDLE_LOADER = "$(TEST_HOST)";
				INFOPLIST_FILE = NavigationBarStyleTests/Info.plist;
				LD_RUNPATH_SEARCH_PATHS = "$(inherited) @executable_path/Frameworks @loader_path/Frameworks";
				PRODUCT_BUNDLE_IDENTIFIER = com.liveapp.NavigationBarStyleTests;
				PRODUCT_NAME = "$(TARGET_NAME)";
				TEST_HOST = "$(BUILT_PRODUCTS_DIR)/NavigationBarStyle.app/NavigationBarStyle";
			};
			name = Release;
		};
		03A2423C1C34969C000B24EC /* Debug */ = {
			isa = XCBuildConfiguration;
			buildSettings = {
				INFOPLIST_FILE = NavigationBarStyleUITests/Info.plist;
				LD_RUNPATH_SEARCH_PATHS = "$(inherited) @executable_path/Frameworks @loader_path/Frameworks";
				PRODUCT_BUNDLE_IDENTIFIER = com.liveapp.NavigationBarStyleUITests;
				PRODUCT_NAME = "$(TARGET_NAME)";
				TEST_TARGET_NAME = NavigationBarStyle;
				USES_XCTRUNNER = YES;
			};
			name = Debug;
		};
		03A2423D1C34969C000B24EC /* Release */ = {
			isa = XCBuildConfiguration;
			buildSettings = {
				INFOPLIST_FILE = NavigationBarStyleUITests/Info.plist;
				LD_RUNPATH_SEARCH_PATHS = "$(inherited) @executable_path/Frameworks @loader_path/Frameworks";
				PRODUCT_BUNDLE_IDENTIFIER = com.liveapp.NavigationBarStyleUITests;
				PRODUCT_NAME = "$(TARGET_NAME)";
				TEST_TARGET_NAME = NavigationBarStyle;
				USES_XCTRUNNER = YES;
			};
			name = Release;
		};
/* End XCBuildConfiguration section */

/* Begin XCConfigurationList section */
		03A242081C34969C000B24EC /* Build configuration list for PBXProject "NavigationBarStyle" */ = {
			isa = XCConfigurationList;
			buildConfigurations = (
				03A242331C34969C000B24EC /* Debug */,
				03A242341C34969C000B24EC /* Release */,
			);
			defaultConfigurationIsVisible = 0;
			defaultConfigurationName = Release;
		};
		03A242351C34969C000B24EC /* Build configuration list for PBXNativeTarget "NavigationBarStyle" */ = {
			isa = XCConfigurationList;
			buildConfigurations = (
				03A242361C34969C000B24EC /* Debug */,
				03A242371C34969C000B24EC /* Release */,
			);
			defaultConfigurationIsVisible = 0;
			defaultConfigurationName = Release;
		};
		03A242381C34969C000B24EC /* Build configuration list for PBXNativeTarget "NavigationBarStyleTests" */ = {
			isa = XCConfigurationList;
			buildConfigurations = (
				03A242391C34969C000B24EC /* Debug */,
				03A2423A1C34969C000B24EC /* Release */,
			);
			defaultConfigurationIsVisible = 0;
			defaultConfigurationName = Release;
		};
		03A2423B1C34969C000B24EC /* Build configuration list for PBXNativeTarget "NavigationBarStyleUITests" */ = {
			isa = XCConfigurationList;
			buildConfigurations = (
				03A2423C1C34969C000B24EC /* Debug */,
				03A2423D1C34969C000B24EC /* Release */,
			);
			defaultConfigurationIsVisible = 0;
			defaultConfigurationName = Release;
		};
/* End XCConfigurationList section */
	};
	rootObject = 03A242051C34969C000B24EC /* Project object */;
}
